
Microsoft Visual Studio Solution File, Format Version 12.00
# Visual Studio Version 16
VisualStudioVersion = 16.0.30804.86
MinimumVisualStudioVersion = 10.0.40219.1
Project("{FAE04EC0-301F-11D3-BF4B-00C04F79EFBC}") = "ConsoleApp1", "ConsoleApp1\ConsoleApp1.csproj", "{FBE087AF-CC54-49EC-BA46-65A0F00F07A9}"
EndProject
Global
	GlobalSection(SolutionConfigurationPlatforms) = preSolution
		Debug|Any CPU = Debug|Any CPU
		Release|Any CPU = Release|Any CPU
	EndGlobalSection
	GlobalSection(ProjectConfigurationPlatforms) = postSolution
		{FBE087AF-CC54-49EC-BA46-65A0F00F07A9}.Debug|Any CPU.ActiveCfg = Debug|Any CPU
		{FBE087AF-CC54-49EC-BA46-65A0F00F07A9}.Debug|Any CPU.Build.0 = Debug|Any CPU
		{FBE087AF-CC54-49EC-BA46-65A0F00F07A9}.Release|Any CPU.ActiveCfg = Release|Any CPU
		{FBE087AF-CC54-49EC-BA46-65A0F00F07A9}.Release|Any CPU.Build.0 = Release|Any CPU
	EndGlobalSection
	GlobalSection(SolutionProperties) = preSolution
		HideSolutionNode = FALSE
	EndGlobalSection
	GlobalSection(ExtensibilityGlobals) = postSolution
		SolutionGuid = {11BFC8BD-D657-47D1-8EB9-23B176F4A58D}
	EndGlobalSection
EndGlobal
